
Microsoft Visual Studio Solution File, Format Version 12.00
# Visual Studio Version 17
VisualStudioVersion = 17.2.32630.192
MinimumVisualStudioVersion = 10.0.40219.1
Project("{9A19103F-16F7-4668-BE54-9A1E7A4F7556}") = "R5T.L0062", "R5T.L0062\R5T.L0062.csproj", "{88457E32-8D95-4AF8-BE2C-0A58EF6BD078}"
EndProject
Project("{2150E333-8FDC-42A3-9474-1A3956D46DE8}") = "_Dependencies", "_Dependencies", "{9D901D79-75A1-4B0F-8743-7532E1FAD388}"
EndProject
Project("{9A19103F-16F7-4668-BE54-9A1E7A4F7556}") = "R5T.F0000", "..\..\R5T.F0000\source\R5T.F0000\R5T.F0000.csproj", "{6B9F0249-6EB5-4CF9-841D-C03F975583C5}"
EndProject
Project("{9A19103F-16F7-4668-BE54-9A1E7A4F7556}") = "R5T.F0059", "..\..\R5T.F0059\source\R5T.F0059\R5T.F0059.csproj", "{3833AFCE-6AE2-4DDB-936F-E67E2CD0EAEE}"
EndProject
Project("{9A19103F-16F7-4668-BE54-9A1E7A4F7556}") = "R5T.L0030.T000", "..\..\R5T.L0030\source\R5T.L0030.T000\R5T.L0030.T000.csproj", "{D9435BD3-11C5-4D73-ABDE-7B0658578C36}"
EndProject
Project("{9A19103F-16F7-4668-BE54-9A1E7A4F7556}") = "R5T.L0053", "..\..\R5T.L0053\source\R5T.L0053\R5T.L0053.csproj", "{64913561-0C68-4FC9-AB46-B47225646A14}"
EndProject
Project("{9A19103F-16F7-4668-BE54-9A1E7A4F7556}") = "R5T.L0056", "..\..\R5T.L0056\source\R5T.L0056\R5T.L0056.csproj", "{B844D6B3-8007-4C1B-9CCB-8926AEB0581A}"
EndProject
Project("{9A19103F-16F7-4668-BE54-9A1E7A4F7556}") = "R5T.L0062.F000", "R5T.L0062.F000\R5T.L0062.F000.csproj", "{34495295-914F-40B0-9657-26A768D3435D}"
EndProject
Project("{9A19103F-16F7-4668-BE54-9A1E7A4F7556}") = "R5T.L0062.F001", "R5T.L0062.F001\R5T.L0062.F001.csproj", "{FCA148BD-F8C2-4B7C-AD8A-E3D269D33976}"
EndProject
Project("{9A19103F-16F7-4668-BE54-9A1E7A4F7556}") = "R5T.L0062.L001", "R5T.L0062.L001\R5T.L0062.L001.csproj", "{5647A797-1617-4E93-9DF7-6B3E907C1172}"
EndProject
Project("{9A19103F-16F7-4668-BE54-9A1E7A4F7556}") = "R5T.L0062.T000", "R5T.L0062.T000\R5T.L0062.T000.csproj", "{00E2ADFA-2C10-4F31-BEDD-C47FB5EDF9C5}"
EndProject
Project("{9A19103F-16F7-4668-BE54-9A1E7A4F7556}") = "R5T.L0062.Z000", "R5T.L0062.Z000\R5T.L0062.Z000.csproj", "{327B67BA-2B39-4CB8-9F59-BB1661C38C41}"
EndProject
Project("{9A19103F-16F7-4668-BE54-9A1E7A4F7556}") = "R5T.L0066", "..\..\R5T.L0066\source\R5T.L0066\R5T.L0066.csproj", "{E9A04917-72A9-4826-9210-435D646D8954}"
EndProject
Project("{9A19103F-16F7-4668-BE54-9A1E7A4F7556}") = "R5T.L0071", "..\..\R5T.L0071\source\R5T.L0071\R5T.L0071.csproj", "{4193EF22-C279-4176-AC51-D0935E3E4068}"
EndProject
Project("{9A19103F-16F7-4668-BE54-9A1E7A4F7556}") = "R5T.L0074", "..\..\R5T.L0074\source\R5T.L0074\R5T.L0074.csproj", "{B88645E2-E5F3-46DD-8F01-EAE1973433AE}"
EndProject
Project("{9A19103F-16F7-4668-BE54-9A1E7A4F7556}") = "R5T.L0089.F000", "..\..\R5T.L0089\source\R5T.L0089.F000\R5T.L0089.F000.csproj", "{7CCC6C4A-5915-4EC0-803A-E0B5C7BE051B}"
EndProject
Project("{9A19103F-16F7-4668-BE54-9A1E7A4F7556}") = "R5T.L0089.T000", "..\..\R5T.L0089\source\R5T.L0089.T000\R5T.L0089.T000.csproj", "{29C1CC3A-AB33-48C3-8233-F2E6D531628F}"
EndProject
Project("{9A19103F-16F7-4668-BE54-9A1E7A4F7556}") = "R5T.L0089", "..\..\R5T.L0089\source\R5T.L0089\R5T.L0089.csproj", "{19E07A0E-B092-463B-A4FC-CD1BE8F2F09D}"
EndProject
Project("{9A19103F-16F7-4668-BE54-9A1E7A4F7556}") = "R5T.NG0006", "..\..\R5T.NG0006\source\R5T.NG0006\R5T.NG0006.csproj", "{DB4262DF-8DAB-467E-AC29-10B0FEAD68BE}"
EndProject
Project("{9A19103F-16F7-4668-BE54-9A1E7A4F7556}") = "R5T.T0131", "..\..\R5T.T0131\source\R5T.T0131\R5T.T0131.csproj", "{D3CC60D8-7FA0-49C7-A961-A1879B163D22}"
EndProject
Project("{9A19103F-16F7-4668-BE54-9A1E7A4F7556}") = "R5T.T0132", "..\..\R5T.T0132\source\R5T.T0132\R5T.T0132.csproj", "{4687DF6D-4DBF-47C3-921F-FB2E283F7B99}"
EndProject
Project("{9A19103F-16F7-4668-BE54-9A1E7A4F7556}") = "R5T.T0142", "..\..\R5T.T0142\source\R5T.T0142\R5T.T0142.csproj", "{95C76612-EC4B-4ADB-9CDC-8B94E76C1594}"
EndProject
Project("{9A19103F-16F7-4668-BE54-9A1E7A4F7556}") = "R5T.T0143", "..\..\R5T.T0143\source\R5T.T0143\R5T.T0143.csproj", "{5AD58934-AB36-4603-8049-D4888F5AF921}"
EndProject
Project("{9A19103F-16F7-4668-BE54-9A1E7A4F7556}") = "R5T.T0150", "..\..\R5T.T0150\source\R5T.T0150\R5T.T0150.csproj", "{59130FEF-F78C-4EF7-8EDF-D915386434D6}"
EndProject
Project("{9A19103F-16F7-4668-BE54-9A1E7A4F7556}") = "R5T.T0151", "..\..\R5T.T0151\source\R5T.T0151\R5T.T0151.csproj", "{FF538F32-2E2C-4961-9AE6-64DED344FF5E}"
EndProject
Project("{9A19103F-16F7-4668-BE54-9A1E7A4F7556}") = "R5T.T0156", "..\..\R5T.T0156\source\R5T.T0156\R5T.T0156.csproj", "{FC235AD5-5571-40F8-A354-012492083D19}"
EndProject
Project("{9A19103F-16F7-4668-BE54-9A1E7A4F7556}") = "R5T.T0158", "..\..\R5T.T0158\source\R5T.T0158\R5T.T0158.csproj", "{8B1FF31A-DC52-4071-AD54-9D85EDA139BB}"
EndProject
Project("{9A19103F-16F7-4668-BE54-9A1E7A4F7556}") = "R5T.T0159", "..\..\R5T.T0159\source\R5T.T0159\R5T.T0159.csproj", "{3495908F-2B20-4E21-8600-9E48CF44D74F}"
EndProject
Project("{9A19103F-16F7-4668-BE54-9A1E7A4F7556}") = "R5T.T0172", "..\..\R5T.T0172\source\R5T.T0172\R5T.T0172.csproj", "{82BA47D8-65D5-4FAD-939E-31B9AF02B13A}"
EndProject
Project("{9A19103F-16F7-4668-BE54-9A1E7A4F7556}") = "R5T.T0178", "..\..\R5T.T0178\source\R5T.T0178\R5T.T0178.csproj", "{6941FCFC-3CA3-4288-B871-BBEAC48558EB}"
EndProject
Project("{9A19103F-16F7-4668-BE54-9A1E7A4F7556}") = "R5T.T0179", "..\..\R5T.T0179\source\R5T.T0179\R5T.T0179.csproj", "{E493014C-3296-4B1B-8233-EAFF0E82AA33}"
EndProject
Project("{9A19103F-16F7-4668-BE54-9A1E7A4F7556}") = "R5T.T0180", "..\..\R5T.T0180\source\R5T.T0180\R5T.T0180.csproj", "{BE01AE68-3D5E-4B10-A371-2B83E6F8AAC7}"
EndProject
Project("{9A19103F-16F7-4668-BE54-9A1E7A4F7556}") = "R5T.T0181", "..\..\R5T.T0181\source\R5T.T0181\R5T.T0181.csproj", "{1898C8D9-109A-4140-AEDC-C9151B11A0AB}"
EndProject
Project("{9A19103F-16F7-4668-BE54-9A1E7A4F7556}") = "R5T.T0185", "..\..\R5T.T0185\source\R5T.T0185\R5T.T0185.csproj", "{78BF48E1-35CD-4894-A4B2-9860AC5C78FD}"
EndProject
Project("{9A19103F-16F7-4668-BE54-9A1E7A4F7556}") = "R5T.T0199.T000", "..\..\R5T.T0199\source\R5T.T0199.T000\R5T.T0199.T000.csproj", "{A49C3509-3827-474E-859B-243993502C8A}"
EndProject
Project("{9A19103F-16F7-4668-BE54-9A1E7A4F7556}") = "R5T.T0199.T001", "..\..\R5T.T0199\source\R5T.T0199.T001\R5T.T0199.T001.csproj", "{B8A180CA-B43A-4BE4-A420-2B5B4FD3D735}"
EndProject
Project("{9A19103F-16F7-4668-BE54-9A1E7A4F7556}") = "R5T.T0199", "..\..\R5T.T0199\source\R5T.T0199\R5T.T0199.csproj", "{03770418-F29D-44A6-B708-689DB6E2EB90}"
EndProject
Project("{9A19103F-16F7-4668-BE54-9A1E7A4F7556}") = "R5T.T0203", "..\..\R5T.T0203\source\R5T.T0203\R5T.T0203.csproj", "{F0BFDA61-727F-4930-A287-7AA1ED38B865}"
EndProject
Project("{9A19103F-16F7-4668-BE54-9A1E7A4F7556}") = "R5T.T0213", "..\..\R5T.T0213\source\R5T.T0213\R5T.T0213.csproj", "{B5F46505-FB16-45FB-8D53-89B4F936FC0C}"
EndProject
Project("{9A19103F-16F7-4668-BE54-9A1E7A4F7556}") = "R5T.T0218", "..\..\R5T.T0218\source\R5T.T0218\R5T.T0218.csproj", "{3AEBCE36-CC7D-4822-A471-2CAE7A1401FD}"
EndProject
Project("{9A19103F-16F7-4668-BE54-9A1E7A4F7556}") = "R5T.T0219", "..\..\R5T.T0219\source\R5T.T0219\R5T.T0219.csproj", "{E5780220-0216-4F83-9B6D-D69354CA1B6E}"
EndProject
Project("{9A19103F-16F7-4668-BE54-9A1E7A4F7556}") = "R5T.T0221", "..\..\R5T.T0221\source\R5T.T0221\R5T.T0221.csproj", "{AE87D900-2ECE-43C2-8133-E923C2181C9E}"
EndProject
Project("{9A19103F-16F7-4668-BE54-9A1E7A4F7556}") = "R5T.T0227", "..\..\R5T.T0227\source\R5T.T0227\R5T.T0227.csproj", "{9B6529A6-2FE8-4F18-860D-571F5DF91C11}"
EndProject
Project("{9A19103F-16F7-4668-BE54-9A1E7A4F7556}") = "R5T.T0241", "..\..\R5T.T0241\source\R5T.T0241\R5T.T0241.csproj", "{0E12AFB8-D3BE-4D48-A3A1-3A8CA5631B5D}"
EndProject
Project("{9A19103F-16F7-4668-BE54-9A1E7A4F7556}") = "R5T.T0252", "..\..\R5T.T0252\source\R5T.T0252\R5T.T0252.csproj", "{FBC65BC4-4234-4228-AB97-117390240F85}"
EndProject
Project("{9A19103F-16F7-4668-BE54-9A1E7A4F7556}") = "R5T.Y0000", "..\..\R5T.Y0000\source\R5T.Y0000\R5T.Y0000.csproj", "{EACDEC02-F927-4F6E-BFB8-A623E7244F21}"
EndProject
Project("{9A19103F-16F7-4668-BE54-9A1E7A4F7556}") = "R5T.Y0006", "..\..\R5T.Y0006\source\R5T.Y0006\R5T.Y0006.csproj", "{2B9701E6-8DAC-4D26-BC29-403652568B8B}"
EndProject
Project("{9A19103F-16F7-4668-BE54-9A1E7A4F7556}") = "R5T.Z0000", "..\..\R5T.Z0000\source\R5T.Z0000\R5T.Z0000.csproj", "{A6C082F1-55E7-4377-906F-249F91AA7585}"
EndProject
Project("{9A19103F-16F7-4668-BE54-9A1E7A4F7556}") = "R5T.Z0057.Platform", "..\..\R5T.Z0057\source\R5T.Z0057.Platform\R5T.Z0057.Platform.csproj", "{BD7DC20B-E861-4FD7-ACE8-E10C14852312}"
EndProject
Project("{9A19103F-16F7-4668-BE54-9A1E7A4F7556}") = "R5T.Z0057", "..\..\R5T.Z0057\source\R5T.Z0057\R5T.Z0057.csproj", "{8DC5AAF6-5618-45AF-94CC-31A98302FE23}"
EndProject
Project("{9A19103F-16F7-4668-BE54-9A1E7A4F7556}") = "R5T.Z0058", "..\..\R5T.Z0058\source\R5T.Z0058\R5T.Z0058.csproj", "{54F95B03-75F0-429D-969A-279AD101029D}"
EndProject
Project("{9A19103F-16F7-4668-BE54-9A1E7A4F7556}") = "R5T.Z0072.Z000", "..\..\R5T.Z0072\source\R5T.Z0072.Z000\R5T.Z0072.Z000.csproj", "{7C251345-7E3F-4777-A415-A57BD456CD7B}"
EndProject
Project("{9A19103F-16F7-4668-BE54-9A1E7A4F7556}") = "R5T.Z0072.Z001", "..\..\R5T.Z0072\source\R5T.Z0072.Z001\R5T.Z0072.Z001.csproj", "{1E8F2316-D3FF-4203-80F6-2EB69BA9309A}"
EndProject
Project("{9A19103F-16F7-4668-BE54-9A1E7A4F7556}") = "R5T.Z0072.Z002", "..\..\R5T.Z0072\source\R5T.Z0072.Z002\R5T.Z0072.Z002.csproj", "{A0667781-7D2F-410C-B208-D3EEEA3F7943}"
EndProject
Project("{9A19103F-16F7-4668-BE54-9A1E7A4F7556}") = "R5T.Z0072.Z004", "..\..\R5T.Z0072\source\R5T.Z0072.Z004\R5T.Z0072.Z004.csproj", "{262A67D9-8334-4576-B5FD-2B599925F99A}"
EndProject
Global
	GlobalSection(SolutionConfigurationPlatforms) = preSolution
		Debug|Any CPU = Debug|Any CPU
		Release|Any CPU = Release|Any CPU
	EndGlobalSection
	GlobalSection(ProjectConfigurationPlatforms) = postSolution
		{88457E32-8D95-4AF8-BE2C-0A58EF6BD078}.Debug|Any CPU.ActiveCfg = Debug|Any CPU
		{88457E32-8D95-4AF8-BE2C-0A58EF6BD078}.Debug|Any CPU.Build.0 = Debug|Any CPU
		{88457E32-8D95-4AF8-BE2C-0A58EF6BD078}.Release|Any CPU.ActiveCfg = Release|Any CPU
		{88457E32-8D95-4AF8-BE2C-0A58EF6BD078}.Release|Any CPU.Build.0 = Release|Any CPU
		{6B9F0249-6EB5-4CF9-841D-C03F975583C5}.Debug|Any CPU.ActiveCfg = Debug|Any CPU
		{6B9F0249-6EB5-4CF9-841D-C03F975583C5}.Debug|Any CPU.Build.0 = Debug|Any CPU
		{6B9F0249-6EB5-4CF9-841D-C03F975583C5}.Release|Any CPU.ActiveCfg = Release|Any CPU
		{6B9F0249-6EB5-4CF9-841D-C03F975583C5}.Release|Any CPU.Build.0 = Release|Any CPU
		{3833AFCE-6AE2-4DDB-936F-E67E2CD0EAEE}.Debug|Any CPU.ActiveCfg = Debug|Any CPU
		{3833AFCE-6AE2-4DDB-936F-E67E2CD0EAEE}.Debug|Any CPU.Build.0 = Debug|Any CPU
		{3833AFCE-6AE2-4DDB-936F-E67E2CD0EAEE}.Release|Any CPU.ActiveCfg = Release|Any CPU
		{3833AFCE-6AE2-4DDB-936F-E67E2CD0EAEE}.Release|Any CPU.Build.0 = Release|Any CPU
		{D9435BD3-11C5-4D73-ABDE-7B0658578C36}.Debug|Any CPU.ActiveCfg = Debug|Any CPU
		{D9435BD3-11C5-4D73-ABDE-7B0658578C36}.Debug|Any CPU.Build.0 = Debug|Any CPU
		{D9435BD3-11C5-4D73-ABDE-7B0658578C36}.Release|Any CPU.ActiveCfg = Release|Any CPU
		{D9435BD3-11C5-4D73-ABDE-7B0658578C36}.Release|Any CPU.Build.0 = Release|Any CPU
		{64913561-0C68-4FC9-AB46-B47225646A14}.Debug|Any CPU.ActiveCfg = Debug|Any CPU
		{64913561-0C68-4FC9-AB46-B47225646A14}.Debug|Any CPU.Build.0 = Debug|Any CPU
		{64913561-0C68-4FC9-AB46-B47225646A14}.Release|Any CPU.ActiveCfg = Release|Any CPU
		{64913561-0C68-4FC9-AB46-B47225646A14}.Release|Any CPU.Build.0 = Release|Any CPU
		{B844D6B3-8007-4C1B-9CCB-8926AEB0581A}.Debug|Any CPU.ActiveCfg = Debug|Any CPU
		{B844D6B3-8007-4C1B-9CCB-8926AEB0581A}.Debug|Any CPU.Build.0 = Debug|Any CPU
		{B844D6B3-8007-4C1B-9CCB-8926AEB0581A}.Release|Any CPU.ActiveCfg = Release|Any CPU
		{B844D6B3-8007-4C1B-9CCB-8926AEB0581A}.Release|Any CPU.Build.0 = Release|Any CPU
		{34495295-914F-40B0-9657-26A768D3435D}.Debug|Any CPU.ActiveCfg = Debug|Any CPU
		{34495295-914F-40B0-9657-26A768D3435D}.Debug|Any CPU.Build.0 = Debug|Any CPU
		{34495295-914F-40B0-9657-26A768D3435D}.Release|Any CPU.ActiveCfg = Release|Any CPU
		{34495295-914F-40B0-9657-26A768D3435D}.Release|Any CPU.Build.0 = Release|Any CPU
		{FCA148BD-F8C2-4B7C-AD8A-E3D269D33976}.Debug|Any CPU.ActiveCfg = Debug|Any CPU
		{FCA148BD-F8C2-4B7C-AD8A-E3D269D33976}.Debug|Any CPU.Build.0 = Debug|Any CPU
		{FCA148BD-F8C2-4B7C-AD8A-E3D269D33976}.Release|Any CPU.ActiveCfg = Release|Any CPU
		{FCA148BD-F8C2-4B7C-AD8A-E3D269D33976}.Release|Any CPU.Build.0 = Release|Any CPU
		{5647A797-1617-4E93-9DF7-6B3E907C1172}.Debug|Any CPU.ActiveCfg = Debug|Any CPU
		{5647A797-1617-4E93-9DF7-6B3E907C1172}.Debug|Any CPU.Build.0 = Debug|Any CPU
		{5647A797-1617-4E93-9DF7-6B3E907C1172}.Release|Any CPU.ActiveCfg = Release|Any CPU
		{5647A797-1617-4E93-9DF7-6B3E907C1172}.Release|Any CPU.Build.0 = Release|Any CPU
		{00E2ADFA-2C10-4F31-BEDD-C47FB5EDF9C5}.Debug|Any CPU.ActiveCfg = Debug|Any CPU
		{00E2ADFA-2C10-4F31-BEDD-C47FB5EDF9C5}.Debug|Any CPU.Build.0 = Debug|Any CPU
		{00E2ADFA-2C10-4F31-BEDD-C47FB5EDF9C5}.Release|Any CPU.ActiveCfg = Release|Any CPU
		{00E2ADFA-2C10-4F31-BEDD-C47FB5EDF9C5}.Release|Any CPU.Build.0 = Release|Any CPU
		{327B67BA-2B39-4CB8-9F59-BB1661C38C41}.Debug|Any CPU.ActiveCfg = Debug|Any CPU
		{327B67BA-2B39-4CB8-9F59-BB1661C38C41}.Debug|Any CPU.Build.0 = Debug|Any CPU
		{327B67BA-2B39-4CB8-9F59-BB1661C38C41}.Release|Any CPU.ActiveCfg = Release|Any CPU
		{327B67BA-2B39-4CB8-9F59-BB1661C38C41}.Release|Any CPU.Build.0 = Release|Any CPU
		{E9A04917-72A9-4826-9210-435D646D8954}.Debug|Any CPU.ActiveCfg = Debug|Any CPU
		{E9A04917-72A9-4826-9210-435D646D8954}.Debug|Any CPU.Build.0 = Debug|Any CPU
		{E9A04917-72A9-4826-9210-435D646D8954}.Release|Any CPU.ActiveCfg = Release|Any CPU
		{E9A04917-72A9-4826-9210-435D646D8954}.Release|Any CPU.Build.0 = Release|Any CPU
		{4193EF22-C279-4176-AC51-D0935E3E4068}.Debug|Any CPU.ActiveCfg = Debug|Any CPU
		{4193EF22-C279-4176-AC51-D0935E3E4068}.Debug|Any CPU.Build.0 = Debug|Any CPU
		{4193EF22-C279-4176-AC51-D0935E3E4068}.Release|Any CPU.ActiveCfg = Release|Any CPU
		{4193EF22-C279-4176-AC51-D0935E3E4068}.Release|Any CPU.Build.0 = Release|Any CPU
		{B88645E2-E5F3-46DD-8F01-EAE1973433AE}.Debug|Any CPU.ActiveCfg = Debug|Any CPU
		{B88645E2-E5F3-46DD-8F01-EAE1973433AE}.Debug|Any CPU.Build.0 = Debug|Any CPU
		{B88645E2-E5F3-46DD-8F01-EAE1973433AE}.Release|Any CPU.ActiveCfg = Release|Any CPU
		{B88645E2-E5F3-46DD-8F01-EAE1973433AE}.Release|Any CPU.Build.0 = Release|Any CPU
		{7CCC6C4A-5915-4EC0-803A-E0B5C7BE051B}.Debug|Any CPU.ActiveCfg = Debug|Any CPU
		{7CCC6C4A-5915-4EC0-803A-E0B5C7BE051B}.Debug|Any CPU.Build.0 = Debug|Any CPU
		{7CCC6C4A-5915-4EC0-803A-E0B5C7BE051B}.Release|Any CPU.ActiveCfg = Release|Any CPU
		{7CCC6C4A-5915-4EC0-803A-E0B5C7BE051B}.Release|Any CPU.Build.0 = Release|Any CPU
		{29C1CC3A-AB33-48C3-8233-F2E6D531628F}.Debug|Any CPU.ActiveCfg = Debug|Any CPU
		{29C1CC3A-AB33-48C3-8233-F2E6D531628F}.Debug|Any CPU.Build.0 = Debug|Any CPU
		{29C1CC3A-AB33-48C3-8233-F2E6D531628F}.Release|Any CPU.ActiveCfg = Release|Any CPU
		{29C1CC3A-AB33-48C3-8233-F2E6D531628F}.Release|Any CPU.Build.0 = Release|Any CPU
		{19E07A0E-B092-463B-A4FC-CD1BE8F2F09D}.Debug|Any CPU.ActiveCfg = Debug|Any CPU
		{19E07A0E-B092-463B-A4FC-CD1BE8F2F09D}.Debug|Any CPU.Build.0 = Debug|Any CPU
		{19E07A0E-B092-463B-A4FC-CD1BE8F2F09D}.Release|Any CPU.ActiveCfg = Release|Any CPU
		{19E07A0E-B092-463B-A4FC-CD1BE8F2F09D}.Release|Any CPU.Build.0 = Release|Any CPU
		{DB4262DF-8DAB-467E-AC29-10B0FEAD68BE}.Debug|Any CPU.ActiveCfg = Debug|Any CPU
		{DB4262DF-8DAB-467E-AC29-10B0FEAD68BE}.Debug|Any CPU.Build.0 = Debug|Any CPU
		{DB4262DF-8DAB-467E-AC29-10B0FEAD68BE}.Release|Any CPU.ActiveCfg = Release|Any CPU
		{DB4262DF-8DAB-467E-AC29-10B0FEAD68BE}.Release|Any CPU.Build.0 = Release|Any CPU
		{D3CC60D8-7FA0-49C7-A961-A1879B163D22}.Debug|Any CPU.ActiveCfg = Debug|Any CPU
		{D3CC60D8-7FA0-49C7-A961-A1879B163D22}.Debug|Any CPU.Build.0 = Debug|Any CPU
		{D3CC60D8-7FA0-49C7-A961-A1879B163D22}.Release|Any CPU.ActiveCfg = Release|Any CPU
		{D3CC60D8-7FA0-49C7-A961-A1879B163D22}.Release|Any CPU.Build.0 = Release|Any CPU
		{4687DF6D-4DBF-47C3-921F-FB2E283F7B99}.Debug|Any CPU.ActiveCfg = Debug|Any CPU
		{4687DF6D-4DBF-47C3-921F-FB2E283F7B99}.Debug|Any CPU.Build.0 = Debug|Any CPU
		{4687DF6D-4DBF-47C3-921F-FB2E283F7B99}.Release|Any CPU.ActiveCfg = Release|Any CPU
		{4687DF6D-4DBF-47C3-921F-FB2E283F7B99}.Release|Any CPU.Build.0 = Release|Any CPU
		{95C76612-EC4B-4ADB-9CDC-8B94E76C1594}.Debug|Any CPU.ActiveCfg = Debug|Any CPU
		{95C76612-EC4B-4ADB-9CDC-8B94E76C1594}.Debug|Any CPU.Build.0 = Debug|Any CPU
		{95C76612-EC4B-4ADB-9CDC-8B94E76C1594}.Release|Any CPU.ActiveCfg = Release|Any CPU
		{95C76612-EC4B-4ADB-9CDC-8B94E76C1594}.Release|Any CPU.Build.0 = Release|Any CPU
		{5AD58934-AB36-4603-8049-D4888F5AF921}.Debug|Any CPU.ActiveCfg = Debug|Any CPU
		{5AD58934-AB36-4603-8049-D4888F5AF921}.Debug|Any CPU.Build.0 = Debug|Any CPU
		{5AD58934-AB36-4603-8049-D4888F5AF921}.Release|Any CPU.ActiveCfg = Release|Any CPU
		{5AD58934-AB36-4603-8049-D4888F5AF921}.Release|Any CPU.Build.0 = Release|Any CPU
		{59130FEF-F78C-4EF7-8EDF-D915386434D6}.Debug|Any CPU.ActiveCfg = Debug|Any CPU
		{59130FEF-F78C-4EF7-8EDF-D915386434D6}.Debug|Any CPU.Build.0 = Debug|Any CPU
		{59130FEF-F78C-4EF7-8EDF-D915386434D6}.Release|Any CPU.ActiveCfg = Release|Any CPU
		{59130FEF-F78C-4EF7-8EDF-D915386434D6}.Release|Any CPU.Build.0 = Release|Any CPU
		{FF538F32-2E2C-4961-9AE6-64DED344FF5E}.Debug|Any CPU.ActiveCfg = Debug|Any CPU
		{FF538F32-2E2C-4961-9AE6-64DED344FF5E}.Debug|Any CPU.Build.0 = Debug|Any CPU
		{FF538F32-2E2C-4961-9AE6-64DED344FF5E}.Release|Any CPU.ActiveCfg = Release|Any CPU
		{FF538F32-2E2C-4961-9AE6-64DED344FF5E}.Release|Any CPU.Build.0 = Release|Any CPU
		{FC235AD5-5571-40F8-A354-012492083D19}.Debug|Any CPU.ActiveCfg = Debug|Any CPU
		{FC235AD5-5571-40F8-A354-012492083D19}.Debug|Any CPU.Build.0 = Debug|Any CPU
		{FC235AD5-5571-40F8-A354-012492083D19}.Release|Any CPU.ActiveCfg = Release|Any CPU
		{FC235AD5-5571-40F8-A354-012492083D19}.Release|Any CPU.Build.0 = Release|Any CPU
		{8B1FF31A-DC52-4071-AD54-9D85EDA139BB}.Debug|Any CPU.ActiveCfg = Debug|Any CPU
		{8B1FF31A-DC52-4071-AD54-9D85EDA139BB}.Debug|Any CPU.Build.0 = Debug|Any CPU
		{8B1FF31A-DC52-4071-AD54-9D85EDA139BB}.Release|Any CPU.ActiveCfg = Release|Any CPU
		{8B1FF31A-DC52-4071-AD54-9D85EDA139BB}.Release|Any CPU.Build.0 = Release|Any CPU
		{3495908F-2B20-4E21-8600-9E48CF44D74F}.Debug|Any CPU.ActiveCfg = Debug|Any CPU
		{3495908F-2B20-4E21-8600-9E48CF44D74F}.Debug|Any CPU.Build.0 = Debug|Any CPU
		{3495908F-2B20-4E21-8600-9E48CF44D74F}.Release|Any CPU.ActiveCfg = Release|Any CPU
		{3495908F-2B20-4E21-8600-9E48CF44D74F}.Release|Any CPU.Build.0 = Release|Any CPU
		{82BA47D8-65D5-4FAD-939E-31B9AF02B13A}.Debug|Any CPU.ActiveCfg = Debug|Any CPU
		{82BA47D8-65D5-4FAD-939E-31B9AF02B13A}.Debug|Any CPU.Build.0 = Debug|Any CPU
		{82BA47D8-65D5-4FAD-939E-31B9AF02B13A}.Release|Any CPU.ActiveCfg = Release|Any CPU
		{82BA47D8-65D5-4FAD-939E-31B9AF02B13A}.Release|Any CPU.Build.0 = Release|Any CPU
		{6941FCFC-3CA3-4288-B871-BBEAC48558EB}.Debug|Any CPU.ActiveCfg = Debug|Any CPU
		{6941FCFC-3CA3-4288-B871-BBEAC48558EB}.Debug|Any CPU.Build.0 = Debug|Any CPU
		{6941FCFC-3CA3-4288-B871-BBEAC48558EB}.Release|Any CPU.ActiveCfg = Release|Any CPU
		{6941FCFC-3CA3-4288-B871-BBEAC48558EB}.Release|Any CPU.Build.0 = Release|Any CPU
		{E493014C-3296-4B1B-8233-EAFF0E82AA33}.Debug|Any CPU.ActiveCfg = Debug|Any CPU
		{E493014C-3296-4B1B-8233-EAFF0E82AA33}.Debug|Any CPU.Build.0 = Debug|Any CPU
		{E493014C-3296-4B1B-8233-EAFF0E82AA33}.Release|Any CPU.ActiveCfg = Release|Any CPU
		{E493014C-3296-4B1B-8233-EAFF0E82AA33}.Release|Any CPU.Build.0 = Release|Any CPU
		{BE01AE68-3D5E-4B10-A371-2B83E6F8AAC7}.Debug|Any CPU.ActiveCfg = Debug|Any CPU
		{BE01AE68-3D5E-4B10-A371-2B83E6F8AAC7}.Debug|Any CPU.Build.0 = Debug|Any CPU
		{BE01AE68-3D5E-4B10-A371-2B83E6F8AAC7}.Release|Any CPU.ActiveCfg = Release|Any CPU
		{BE01AE68-3D5E-4B10-A371-2B83E6F8AAC7}.Release|Any CPU.Build.0 = Release|Any CPU
		{1898C8D9-109A-4140-AEDC-C9151B11A0AB}.Debug|Any CPU.ActiveCfg = Debug|Any CPU
		{1898C8D9-109A-4140-AEDC-C9151B11A0AB}.Debug|Any CPU.Build.0 = Debug|Any CPU
		{1898C8D9-109A-4140-AEDC-C9151B11A0AB}.Release|Any CPU.ActiveCfg = Release|Any CPU
		{1898C8D9-109A-4140-AEDC-C9151B11A0AB}.Release|Any CPU.Build.0 = Release|Any CPU
		{78BF48E1-35CD-4894-A4B2-9860AC5C78FD}.Debug|Any CPU.ActiveCfg = Debug|Any CPU
		{78BF48E1-35CD-4894-A4B2-9860AC5C78FD}.Debug|Any CPU.Build.0 = Debug|Any CPU
		{78BF48E1-35CD-4894-A4B2-9860AC5C78FD}.Release|Any CPU.ActiveCfg = Release|Any CPU
		{78BF48E1-35CD-4894-A4B2-9860AC5C78FD}.Release|Any CPU.Build.0 = Release|Any CPU
		{A49C3509-3827-474E-859B-243993502C8A}.Debug|Any CPU.ActiveCfg = Debug|Any CPU
		{A49C3509-3827-474E-859B-243993502C8A}.Debug|Any CPU.Build.0 = Debug|Any CPU
		{A49C3509-3827-474E-859B-243993502C8A}.Release|Any CPU.ActiveCfg = Release|Any CPU
		{A49C3509-3827-474E-859B-243993502C8A}.Release|Any CPU.Build.0 = Release|Any CPU
		{B8A180CA-B43A-4BE4-A420-2B5B4FD3D735}.Debug|Any CPU.ActiveCfg = Debug|Any CPU
		{B8A180CA-B43A-4BE4-A420-2B5B4FD3D735}.Debug|Any CPU.Build.0 = Debug|Any CPU
		{B8A180CA-B43A-4BE4-A420-2B5B4FD3D735}.Release|Any CPU.ActiveCfg = Release|Any CPU
		{B8A180CA-B43A-4BE4-A420-2B5B4FD3D735}.Release|Any CPU.Build.0 = Release|Any CPU
		{03770418-F29D-44A6-B708-689DB6E2EB90}.Debug|Any CPU.ActiveCfg = Debug|Any CPU
		{03770418-F29D-44A6-B708-689DB6E2EB90}.Debug|Any CPU.Build.0 = Debug|Any CPU
		{03770418-F29D-44A6-B708-689DB6E2EB90}.Release|Any CPU.ActiveCfg = Release|Any CPU
		{03770418-F29D-44A6-B708-689DB6E2EB90}.Release|Any CPU.Build.0 = Release|Any CPU
		{F0BFDA61-727F-4930-A287-7AA1ED38B865}.Debug|Any CPU.ActiveCfg = Debug|Any CPU
		{F0BFDA61-727F-4930-A287-7AA1ED38B865}.Debug|Any CPU.Build.0 = Debug|Any CPU
		{F0BFDA61-727F-4930-A287-7AA1ED38B865}.Release|Any CPU.ActiveCfg = Release|Any CPU
		{F0BFDA61-727F-4930-A287-7AA1ED38B865}.Release|Any CPU.Build.0 = Release|Any CPU
		{B5F46505-FB16-45FB-8D53-89B4F936FC0C}.Debug|Any CPU.ActiveCfg = Debug|Any CPU
		{B5F46505-FB16-45FB-8D53-89B4F936FC0C}.Debug|Any CPU.Build.0 = Debug|Any CPU
		{B5F46505-FB16-45FB-8D53-89B4F936FC0C}.Release|Any CPU.ActiveCfg = Release|Any CPU
		{B5F46505-FB16-45FB-8D53-89B4F936FC0C}.Release|Any CPU.Build.0 = Release|Any CPU
		{3AEBCE36-CC7D-4822-A471-2CAE7A1401FD}.Debug|Any CPU.ActiveCfg = Debug|Any CPU
		{3AEBCE36-CC7D-4822-A471-2CAE7A1401FD}.Debug|Any CPU.Build.0 = Debug|Any CPU
		{3AEBCE36-CC7D-4822-A471-2CAE7A1401FD}.Release|Any CPU.ActiveCfg = Release|Any CPU
		{3AEBCE36-CC7D-4822-A471-2CAE7A1401FD}.Release|Any CPU.Build.0 = Release|Any CPU
		{E5780220-0216-4F83-9B6D-D69354CA1B6E}.Debug|Any CPU.ActiveCfg = Debug|Any CPU
		{E5780220-0216-4F83-9B6D-D69354CA1B6E}.Debug|Any CPU.Build.0 = Debug|Any CPU
		{E5780220-0216-4F83-9B6D-D69354CA1B6E}.Release|Any CPU.ActiveCfg = Release|Any CPU
		{E5780220-0216-4F83-9B6D-D69354CA1B6E}.Release|Any CPU.Build.0 = Release|Any CPU
		{AE87D900-2ECE-43C2-8133-E923C2181C9E}.Debug|Any CPU.ActiveCfg = Debug|Any CPU
		{AE87D900-2ECE-43C2-8133-E923C2181C9E}.Debug|Any CPU.Build.0 = Debug|Any CPU
		{AE87D900-2ECE-43C2-8133-E923C2181C9E}.Release|Any CPU.ActiveCfg = Release|Any CPU
		{AE87D900-2ECE-43C2-8133-E923C2181C9E}.Release|Any CPU.Build.0 = Release|Any CPU
		{9B6529A6-2FE8-4F18-860D-571F5DF91C11}.Debug|Any CPU.ActiveCfg = Debug|Any CPU
		{9B6529A6-2FE8-4F18-860D-571F5DF91C11}.Debug|Any CPU.Build.0 = Debug|Any CPU
		{9B6529A6-2FE8-4F18-860D-571F5DF91C11}.Release|Any CPU.ActiveCfg = Release|Any CPU
		{9B6529A6-2FE8-4F18-860D-571F5DF91C11}.Release|Any CPU.Build.0 = Release|Any CPU
		{0E12AFB8-D3BE-4D48-A3A1-3A8CA5631B5D}.Debug|Any CPU.ActiveCfg = Debug|Any CPU
		{0E12AFB8-D3BE-4D48-A3A1-3A8CA5631B5D}.Debug|Any CPU.Build.0 = Debug|Any CPU
		{0E12AFB8-D3BE-4D48-A3A1-3A8CA5631B5D}.Release|Any CPU.ActiveCfg = Release|Any CPU
		{0E12AFB8-D3BE-4D48-A3A1-3A8CA5631B5D}.Release|Any CPU.Build.0 = Release|Any CPU
		{FBC65BC4-4234-4228-AB97-117390240F85}.Debug|Any CPU.ActiveCfg = Debug|Any CPU
		{FBC65BC4-4234-4228-AB97-117390240F85}.Debug|Any CPU.Build.0 = Debug|Any CPU
		{FBC65BC4-4234-4228-AB97-117390240F85}.Release|Any CPU.ActiveCfg = Release|Any CPU
		{FBC65BC4-4234-4228-AB97-117390240F85}.Release|Any CPU.Build.0 = Release|Any CPU
		{EACDEC02-F927-4F6E-BFB8-A623E7244F21}.Debug|Any CPU.ActiveCfg = Debug|Any CPU
		{EACDEC02-F927-4F6E-BFB8-A623E7244F21}.Debug|Any CPU.Build.0 = Debug|Any CPU
		{EACDEC02-F927-4F6E-BFB8-A623E7244F21}.Release|Any CPU.ActiveCfg = Release|Any CPU
		{EACDEC02-F927-4F6E-BFB8-A623E7244F21}.Release|Any CPU.Build.0 = Release|Any CPU
		{2B9701E6-8DAC-4D26-BC29-403652568B8B}.Debug|Any CPU.ActiveCfg = Debug|Any CPU
		{2B9701E6-8DAC-4D26-BC29-403652568B8B}.Debug|Any CPU.Build.0 = Debug|Any CPU
		{2B9701E6-8DAC-4D26-BC29-403652568B8B}.Release|Any CPU.ActiveCfg = Release|Any CPU
		{2B9701E6-8DAC-4D26-BC29-403652568B8B}.Release|Any CPU.Build.0 = Release|Any CPU
		{A6C082F1-55E7-4377-906F-249F91AA7585}.Debug|Any CPU.ActiveCfg = Debug|Any CPU
		{A6C082F1-55E7-4377-906F-249F91AA7585}.Debug|Any CPU.Build.0 = Debug|Any CPU
		{A6C082F1-55E7-4377-906F-249F91AA7585}.Release|Any CPU.ActiveCfg = Release|Any CPU
		{A6C082F1-55E7-4377-906F-249F91AA7585}.Release|Any CPU.Build.0 = Release|Any CPU
		{BD7DC20B-E861-4FD7-ACE8-E10C14852312}.Debug|Any CPU.ActiveCfg = Debug|Any CPU
		{BD7DC20B-E861-4FD7-ACE8-E10C14852312}.Debug|Any CPU.Build.0 = Debug|Any CPU
		{BD7DC20B-E861-4FD7-ACE8-E10C14852312}.Release|Any CPU.ActiveCfg = Release|Any CPU
		{BD7DC20B-E861-4FD7-ACE8-E10C14852312}.Release|Any CPU.Build.0 = Release|Any CPU
		{8DC5AAF6-5618-45AF-94CC-31A98302FE23}.Debug|Any CPU.ActiveCfg = Debug|Any CPU
		{8DC5AAF6-5618-45AF-94CC-31A98302FE23}.Debug|Any CPU.Build.0 = Debug|Any CPU
		{8DC5AAF6-5618-45AF-94CC-31A98302FE23}.Release|Any CPU.ActiveCfg = Release|Any CPU
		{8DC5AAF6-5618-45AF-94CC-31A98302FE23}.Release|Any CPU.Build.0 = Release|Any CPU
		{54F95B03-75F0-429D-969A-279AD101029D}.Debug|Any CPU.ActiveCfg = Debug|Any CPU
		{54F95B03-75F0-429D-969A-279AD101029D}.Debug|Any CPU.Build.0 = Debug|Any CPU
		{54F95B03-75F0-429D-969A-279AD101029D}.Release|Any CPU.ActiveCfg = Release|Any CPU
		{54F95B03-75F0-429D-969A-279AD101029D}.Release|Any CPU.Build.0 = Release|Any CPU
		{7C251345-7E3F-4777-A415-A57BD456CD7B}.Debug|Any CPU.ActiveCfg = Debug|Any CPU
		{7C251345-7E3F-4777-A415-A57BD456CD7B}.Debug|Any CPU.Build.0 = Debug|Any CPU
		{7C251345-7E3F-4777-A415-A57BD456CD7B}.Release|Any CPU.ActiveCfg = Release|Any CPU
		{7C251345-7E3F-4777-A415-A57BD456CD7B}.Release|Any CPU.Build.0 = Release|Any CPU
		{1E8F2316-D3FF-4203-80F6-2EB69BA9309A}.Debug|Any CPU.ActiveCfg = Debug|Any CPU
		{1E8F2316-D3FF-4203-80F6-2EB69BA9309A}.Debug|Any CPU.Build.0 = Debug|Any CPU
		{1E8F2316-D3FF-4203-80F6-2EB69BA9309A}.Release|Any CPU.ActiveCfg = Release|Any CPU
		{1E8F2316-D3FF-4203-80F6-2EB69BA9309A}.Release|Any CPU.Build.0 = Release|Any CPU
		{A0667781-7D2F-410C-B208-D3EEEA3F7943}.Debug|Any CPU.ActiveCfg = Debug|Any CPU
		{A0667781-7D2F-410C-B208-D3EEEA3F7943}.Debug|Any CPU.Build.0 = Debug|Any CPU
		{A0667781-7D2F-410C-B208-D3EEEA3F7943}.Release|Any CPU.ActiveCfg = Release|Any CPU
		{A0667781-7D2F-410C-B208-D3EEEA3F7943}.Release|Any CPU.Build.0 = Release|Any CPU
		{262A67D9-8334-4576-B5FD-2B599925F99A}.Debug|Any CPU.ActiveCfg = Debug|Any CPU
		{262A67D9-8334-4576-B5FD-2B599925F99A}.Debug|Any CPU.Build.0 = Debug|Any CPU
		{262A67D9-8334-4576-B5FD-2B599925F99A}.Release|Any CPU.ActiveCfg = Release|Any CPU
		{262A67D9-8334-4576-B5FD-2B599925F99A}.Release|Any CPU.Build.0 = Release|Any CPU
	EndGlobalSection
	GlobalSection(SolutionProperties) = preSolution
		HideSolutionNode = FALSE
	EndGlobalSection
	GlobalSection(NestedProjects) = preSolution
		{6B9F0249-6EB5-4CF9-841D-C03F975583C5} = {9D901D79-75A1-4B0F-8743-7532E1FAD388}
		{3833AFCE-6AE2-4DDB-936F-E67E2CD0EAEE} = {9D901D79-75A1-4B0F-8743-7532E1FAD388}
		{D9435BD3-11C5-4D73-ABDE-7B0658578C36} = {9D901D79-75A1-4B0F-8743-7532E1FAD388}
		{64913561-0C68-4FC9-AB46-B47225646A14} = {9D901D79-75A1-4B0F-8743-7532E1FAD388}
		{B844D6B3-8007-4C1B-9CCB-8926AEB0581A} = {9D901D79-75A1-4B0F-8743-7532E1FAD388}
		{E9A04917-72A9-4826-9210-435D646D8954} = {9D901D79-75A1-4B0F-8743-7532E1FAD388}
		{4193EF22-C279-4176-AC51-D0935E3E4068} = {9D901D79-75A1-4B0F-8743-7532E1FAD388}
		{B88645E2-E5F3-46DD-8F01-EAE1973433AE} = {9D901D79-75A1-4B0F-8743-7532E1FAD388}
		{7CCC6C4A-5915-4EC0-803A-E0B5C7BE051B} = {9D901D79-75A1-4B0F-8743-7532E1FAD388}
		{29C1CC3A-AB33-48C3-8233-F2E6D531628F} = {9D901D79-75A1-4B0F-8743-7532E1FAD388}
		{19E07A0E-B092-463B-A4FC-CD1BE8F2F09D} = {9D901D79-75A1-4B0F-8743-7532E1FAD388}
		{DB4262DF-8DAB-467E-AC29-10B0FEAD68BE} = {9D901D79-75A1-4B0F-8743-7532E1FAD388}
		{D3CC60D8-7FA0-49C7-A961-A1879B163D22} = {9D901D79-75A1-4B0F-8743-7532E1FAD388}
		{4687DF6D-4DBF-47C3-921F-FB2E283F7B99} = {9D901D79-75A1-4B0F-8743-7532E1FAD388}
		{95C76612-EC4B-4ADB-9CDC-8B94E76C1594} = {9D901D79-75A1-4B0F-8743-7532E1FAD388}
		{5AD58934-AB36-4603-8049-D4888F5AF921} = {9D901D79-75A1-4B0F-8743-7532E1FAD388}
		{59130FEF-F78C-4EF7-8EDF-D915386434D6} = {9D901D79-75A1-4B0F-8743-7532E1FAD388}
		{FF538F32-2E2C-4961-9AE6-64DED344FF5E} = {9D901D79-75A1-4B0F-8743-7532E1FAD388}
		{FC235AD5-5571-40F8-A354-012492083D19} = {9D901D79-75A1-4B0F-8743-7532E1FAD388}
		{8B1FF31A-DC52-4071-AD54-9D85EDA139BB} = {9D901D79-75A1-4B0F-8743-7532E1FAD388}
		{3495908F-2B20-4E21-8600-9E48CF44D74F} = {9D901D79-75A1-4B0F-8743-7532E1FAD388}
		{82BA47D8-65D5-4FAD-939E-31B9AF02B13A} = {9D901D79-75A1-4B0F-8743-7532E1FAD388}
		{6941FCFC-3CA3-4288-B871-BBEAC48558EB} = {9D901D79-75A1-4B0F-8743-7532E1FAD388}
		{E493014C-3296-4B1B-8233-EAFF0E82AA33} = {9D901D79-75A1-4B0F-8743-7532E1FAD388}
		{BE01AE68-3D5E-4B10-A371-2B83E6F8AAC7} = {9D901D79-75A1-4B0F-8743-7532E1FAD388}
		{1898C8D9-109A-4140-AEDC-C9151B11A0AB} = {9D901D79-75A1-4B0F-8743-7532E1FAD388}
		{78BF48E1-35CD-4894-A4B2-9860AC5C78FD} = {9D901D79-75A1-4B0F-8743-7532E1FAD388}
		{A49C3509-3827-474E-859B-243993502C8A} = {9D901D79-75A1-4B0F-8743-7532E1FAD388}
		{B8A180CA-B43A-4BE4-A420-2B5B4FD3D735} = {9D901D79-75A1-4B0F-8743-7532E1FAD388}
		{03770418-F29D-44A6-B708-689DB6E2EB90} = {9D901D79-75A1-4B0F-8743-7532E1FAD388}
		{F0BFDA61-727F-4930-A287-7AA1ED38B865} = {9D901D79-75A1-4B0F-8743-7532E1FAD388}
		{B5F46505-FB16-45FB-8D53-89B4F936FC0C} = {9D901D79-75A1-4B0F-8743-7532E1FAD388}
		{3AEBCE36-CC7D-4822-A471-2CAE7A1401FD} = {9D901D79-75A1-4B0F-8743-7532E1FAD388}
		{E5780220-0216-4F83-9B6D-D69354CA1B6E} = {9D901D79-75A1-4B0F-8743-7532E1FAD388}
		{AE87D900-2ECE-43C2-8133-E923C2181C9E} = {9D901D79-75A1-4B0F-8743-7532E1FAD388}
		{9B6529A6-2FE8-4F18-860D-571F5DF91C11} = {9D901D79-75A1-4B0F-8743-7532E1FAD388}
		{0E12AFB8-D3BE-4D48-A3A1-3A8CA5631B5D} = {9D901D79-75A1-4B0F-8743-7532E1FAD388}
		{FBC65BC4-4234-4228-AB97-117390240F85} = {9D901D79-75A1-4B0F-8743-7532E1FAD388}
		{EACDEC02-F927-4F6E-BFB8-A623E7244F21} = {9D901D79-75A1-4B0F-8743-7532E1FAD388}
		{2B9701E6-8DAC-4D26-BC29-403652568B8B} = {9D901D79-75A1-4B0F-8743-7532E1FAD388}
		{A6C082F1-55E7-4377-906F-249F91AA7585} = {9D901D79-75A1-4B0F-8743-7532E1FAD388}
		{BD7DC20B-E861-4FD7-ACE8-E10C14852312} = {9D901D79-75A1-4B0F-8743-7532E1FAD388}
		{8DC5AAF6-5618-45AF-94CC-31A98302FE23} = {9D901D79-75A1-4B0F-8743-7532E1FAD388}
		{54F95B03-75F0-429D-969A-279AD101029D} = {9D901D79-75A1-4B0F-8743-7532E1FAD388}
		{7C251345-7E3F-4777-A415-A57BD456CD7B} = {9D901D79-75A1-4B0F-8743-7532E1FAD388}
		{1E8F2316-D3FF-4203-80F6-2EB69BA9309A} = {9D901D79-75A1-4B0F-8743-7532E1FAD388}
		{A0667781-7D2F-410C-B208-D3EEEA3F7943} = {9D901D79-75A1-4B0F-8743-7532E1FAD388}
		{262A67D9-8334-4576-B5FD-2B599925F99A} = {9D901D79-75A1-4B0F-8743-7532E1FAD388}
	EndGlobalSection
	GlobalSection(ExtensibilityGlobals) = postSolution
		SolutionGuid = {C6A4049A-62A0-4ED7-A12D-11CD06A747C8}
	EndGlobalSection
EndGlobal
