
Microsoft Visual Studio Solution File, Format Version 12.00
# Visual Studio Version 17
VisualStudioVersion = 17.2.32630.192
MinimumVisualStudioVersion = 10.0.40219.1
Project("{9A19103F-16F7-4668-BE54-9A1E7A4F7556}") = "R5T.L0062.Construction", "R5T.L0062.Construction\R5T.L0062.Construction.csproj", "{7FF3B7AD-9BC8-42FA-8658-869085698EE2}"
EndProject
Project("{9A19103F-16F7-4668-BE54-9A1E7A4F7556}") = "R5T.L0062", "R5T.L0062\R5T.L0062.csproj", "{66C595AD-5DF7-4D5D-B2B2-1EEE48FE5984}"
EndProject
Project("{9A19103F-16F7-4668-BE54-9A1E7A4F7556}") = "R5T.L0062.T000", "R5T.L0062.T000\R5T.L0062.T000.csproj", "{03E8FAEC-EDF3-4411-AA08-1F2CA98D467A}"
EndProject
Project("{2150E333-8FDC-42A3-9474-1A3956D46DE8}") = "_Dependencies", "_Dependencies", "{B1552C81-E377-4D7F-B7D6-016B0A8CAC07}"
EndProject
Project("{9A19103F-16F7-4668-BE54-9A1E7A4F7556}") = "R5T.F0000", "..\..\R5T.F0000\source\R5T.F0000\R5T.F0000.csproj", "{632D63D9-1BFD-4163-AAAC-75ADD98A8E21}"
EndProject
Project("{9A19103F-16F7-4668-BE54-9A1E7A4F7556}") = "R5T.F0002", "..\..\R5T.F0002\source\R5T.F0002\R5T.F0002.csproj", "{BEB10504-25BF-4808-879A-4E1C132EBCA6}"
EndProject
Project("{9A19103F-16F7-4668-BE54-9A1E7A4F7556}") = "R5T.F0120", "..\..\R5T.F0120\source\R5T.F0120\R5T.F0120.csproj", "{EBBB28D8-82DE-45C8-A56C-091CC0EF8DD7}"
EndProject
Project("{9A19103F-16F7-4668-BE54-9A1E7A4F7556}") = "R5T.F0124", "..\..\R5T.F0124\source\R5T.F0124\R5T.F0124.csproj", "{9E9190F6-B7F4-4993-A43B-1AE8EEBE1750}"
EndProject
Project("{9A19103F-16F7-4668-BE54-9A1E7A4F7556}") = "R5T.F0125", "..\..\R5T.F0125\source\R5T.F0125\R5T.F0125.csproj", "{7A4B7DA8-AE2C-4DC9-A547-AEB1D626A1BC}"
EndProject
Project("{9A19103F-16F7-4668-BE54-9A1E7A4F7556}") = "R5T.L0030.T000", "..\..\R5T.L0030\source\R5T.L0030.T000\R5T.L0030.T000.csproj", "{D16D4318-DEAD-4BEC-B52D-08B9196D872A}"
EndProject
Project("{9A19103F-16F7-4668-BE54-9A1E7A4F7556}") = "R5T.L0030", "..\..\R5T.L0030\source\R5T.L0030\R5T.L0030.csproj", "{A1A3E5BC-49B7-4E40-A3D5-5BDD5E2AE899}"
EndProject
Project("{9A19103F-16F7-4668-BE54-9A1E7A4F7556}") = "R5T.L0034", "..\..\R5T.L0034\source\R5T.L0034\R5T.L0034.csproj", "{DB78AAB6-EEF3-46D1-8950-E83194BC6759}"
EndProject
Project("{9A19103F-16F7-4668-BE54-9A1E7A4F7556}") = "R5T.L0035", "..\..\R5T.L0035\source\R5T.L0035\R5T.L0035.csproj", "{F957C1BD-04E0-42C0-99CE-80C55F2580D2}"
EndProject
Project("{9A19103F-16F7-4668-BE54-9A1E7A4F7556}") = "R5T.L0053", "..\..\R5T.L0053\source\R5T.L0053\R5T.L0053.csproj", "{A8F4543F-EC11-41CE-B646-1D0994644E45}"
EndProject
Project("{9A19103F-16F7-4668-BE54-9A1E7A4F7556}") = "R5T.NG0022", "..\..\R5T.NG0022\source\R5T.NG0022\R5T.NG0022.csproj", "{DC176ACF-D9A5-4CE6-B492-BABFB5257798}"
EndProject
Project("{9A19103F-16F7-4668-BE54-9A1E7A4F7556}") = "R5T.T0131", "..\..\R5T.T0131\source\R5T.T0131\R5T.T0131.csproj", "{E1DA1A1B-21E1-4F90-9624-2F3081A0F1C8}"
EndProject
Project("{9A19103F-16F7-4668-BE54-9A1E7A4F7556}") = "R5T.T0132", "..\..\R5T.T0132\source\R5T.T0132\R5T.T0132.csproj", "{D2AB345B-8C28-4118-B330-40866DEFB100}"
EndProject
Project("{9A19103F-16F7-4668-BE54-9A1E7A4F7556}") = "R5T.T0142", "..\..\R5T.T0142\source\R5T.T0142\R5T.T0142.csproj", "{8E84A232-14AE-4800-9AA0-2DF3BFABE444}"
EndProject
Project("{9A19103F-16F7-4668-BE54-9A1E7A4F7556}") = "R5T.T0143", "..\..\R5T.T0143\source\R5T.T0143\R5T.T0143.csproj", "{CD6E7F7D-E1E5-41F7-AD75-31BB30B8BA49}"
EndProject
Project("{9A19103F-16F7-4668-BE54-9A1E7A4F7556}") = "R5T.T0156", "..\..\R5T.T0156\source\R5T.T0156\R5T.T0156.csproj", "{16A682B9-9A08-42FC-A2CD-E3DCFD04AA5C}"
EndProject
Project("{9A19103F-16F7-4668-BE54-9A1E7A4F7556}") = "R5T.T0174", "..\..\R5T.T0174\source\R5T.T0174\R5T.T0174.csproj", "{C465627C-9EBF-4ED2-B96C-6A07D86190C4}"
EndProject
Project("{9A19103F-16F7-4668-BE54-9A1E7A4F7556}") = "R5T.T0176", "..\..\R5T.T0176\source\R5T.T0176\R5T.T0176.csproj", "{E4ED8C58-B074-45E1-8D9C-EEA756ED9713}"
EndProject
Project("{9A19103F-16F7-4668-BE54-9A1E7A4F7556}") = "R5T.T0177", "..\..\R5T.T0177\source\R5T.T0177\R5T.T0177.csproj", "{3FE51A96-8460-4543-8FAA-EE72AC25986A}"
EndProject
Project("{9A19103F-16F7-4668-BE54-9A1E7A4F7556}") = "R5T.T0178", "..\..\R5T.T0178\source\R5T.T0178\R5T.T0178.csproj", "{7FD62676-4095-41C3-A478-9F43F676575B}"
EndProject
Project("{9A19103F-16F7-4668-BE54-9A1E7A4F7556}") = "R5T.T0179", "..\..\R5T.T0179\source\R5T.T0179\R5T.T0179.csproj", "{85DBC473-D0A5-46F1-8FC6-79CE4F1E2D4C}"
EndProject
Project("{9A19103F-16F7-4668-BE54-9A1E7A4F7556}") = "R5T.T0180", "..\..\R5T.T0180\source\R5T.T0180\R5T.T0180.csproj", "{33317518-55E1-4A72-8684-8CDF96CE94E1}"
EndProject
Project("{9A19103F-16F7-4668-BE54-9A1E7A4F7556}") = "R5T.T0181", "..\..\R5T.T0181\source\R5T.T0181\R5T.T0181.csproj", "{6489EE67-F15D-4EE2-9F3C-9BDFA6D5D232}"
EndProject
Project("{9A19103F-16F7-4668-BE54-9A1E7A4F7556}") = "R5T.T0185", "..\..\R5T.T0185\source\R5T.T0185\R5T.T0185.csproj", "{DF4E4CBF-D1B5-4453-BDC8-99C21D48D679}"
EndProject
Project("{9A19103F-16F7-4668-BE54-9A1E7A4F7556}") = "R5T.T0199", "..\..\R5T.T0199\source\R5T.T0199\R5T.T0199.csproj", "{2AA83D58-98A9-45FD-BA52-121F7DF6FF9F}"
EndProject
Project("{9A19103F-16F7-4668-BE54-9A1E7A4F7556}") = "R5T.T0203", "..\..\R5T.T0203\source\R5T.T0203\R5T.T0203.csproj", "{F7D93125-2493-44F5-A062-1CCBD5E9B9F4}"
EndProject
Project("{9A19103F-16F7-4668-BE54-9A1E7A4F7556}") = "R5T.T0220", "..\..\R5T.T0220\source\R5T.T0220\R5T.T0220.csproj", "{EC0F3356-40D2-4FDD-B97A-1A82BB21AEA1}"
EndProject
Project("{9A19103F-16F7-4668-BE54-9A1E7A4F7556}") = "R5T.T0221", "..\..\R5T.T0221\source\R5T.T0221\R5T.T0221.csproj", "{D7B8A47D-B26B-4698-B515-850E245256E2}"
EndProject
Project("{9A19103F-16F7-4668-BE54-9A1E7A4F7556}") = "R5T.Y0000", "..\..\R5T.Y0000\source\R5T.Y0000\R5T.Y0000.csproj", "{BF80A1ED-C844-459A-BD93-6FA37366F325}"
EndProject
Project("{9A19103F-16F7-4668-BE54-9A1E7A4F7556}") = "R5T.Z0000", "..\..\R5T.Z0000\source\R5T.Z0000\R5T.Z0000.csproj", "{16346C28-3C90-4711-8414-7C312AC69541}"
EndProject
Project("{9A19103F-16F7-4668-BE54-9A1E7A4F7556}") = "R5T.Z0010.Platform", "..\..\R5T.Z0010\source\R5T.Z0010.Platform\R5T.Z0010.Platform.csproj", "{448A8123-158C-4552-B50E-6C80E452AE72}"
EndProject
Project("{9A19103F-16F7-4668-BE54-9A1E7A4F7556}") = "R5T.L0062.Z000", "R5T.L0062.Z000\R5T.L0062.Z000.csproj", "{5087DCD9-2C0A-45AD-A6C0-FCB6EF6728C6}"
EndProject
Project("{9A19103F-16F7-4668-BE54-9A1E7A4F7556}") = "R5T.L0062.F001", "R5T.L0062.F001\R5T.L0062.F001.csproj", "{3BE52DC1-DD27-461C-B93F-30C9F195D9E9}"
EndProject
Project("{9A19103F-16F7-4668-BE54-9A1E7A4F7556}") = "R5T.L0062.L001", "R5T.L0062.L001\R5T.L0062.L001.csproj", "{A31A64EE-46D6-4DB2-AD91-3CFEE983D9D8}"
EndProject
Project("{9A19103F-16F7-4668-BE54-9A1E7A4F7556}") = "R5T.L0062.F000", "R5T.L0062.F000\R5T.L0062.F000.csproj", "{7ED0D12E-6E9E-44CE-BFFF-73AA4A8935F8}"
EndProject
Global
	GlobalSection(NestedProjects) = preSolution
		{632D63D9-1BFD-4163-AAAC-75ADD98A8E21} = {B1552C81-E377-4D7F-B7D6-016B0A8CAC07}
		{BEB10504-25BF-4808-879A-4E1C132EBCA6} = {B1552C81-E377-4D7F-B7D6-016B0A8CAC07}
		{EBBB28D8-82DE-45C8-A56C-091CC0EF8DD7} = {B1552C81-E377-4D7F-B7D6-016B0A8CAC07}
		{9E9190F6-B7F4-4993-A43B-1AE8EEBE1750} = {B1552C81-E377-4D7F-B7D6-016B0A8CAC07}
		{7A4B7DA8-AE2C-4DC9-A547-AEB1D626A1BC} = {B1552C81-E377-4D7F-B7D6-016B0A8CAC07}
		{D16D4318-DEAD-4BEC-B52D-08B9196D872A} = {B1552C81-E377-4D7F-B7D6-016B0A8CAC07}
		{A1A3E5BC-49B7-4E40-A3D5-5BDD5E2AE899} = {B1552C81-E377-4D7F-B7D6-016B0A8CAC07}
		{DB78AAB6-EEF3-46D1-8950-E83194BC6759} = {B1552C81-E377-4D7F-B7D6-016B0A8CAC07}
		{F957C1BD-04E0-42C0-99CE-80C55F2580D2} = {B1552C81-E377-4D7F-B7D6-016B0A8CAC07}
		{A8F4543F-EC11-41CE-B646-1D0994644E45} = {B1552C81-E377-4D7F-B7D6-016B0A8CAC07}
		{DC176ACF-D9A5-4CE6-B492-BABFB5257798} = {B1552C81-E377-4D7F-B7D6-016B0A8CAC07}
		{E1DA1A1B-21E1-4F90-9624-2F3081A0F1C8} = {B1552C81-E377-4D7F-B7D6-016B0A8CAC07}
		{D2AB345B-8C28-4118-B330-40866DEFB100} = {B1552C81-E377-4D7F-B7D6-016B0A8CAC07}
		{8E84A232-14AE-4800-9AA0-2DF3BFABE444} = {B1552C81-E377-4D7F-B7D6-016B0A8CAC07}
		{CD6E7F7D-E1E5-41F7-AD75-31BB30B8BA49} = {B1552C81-E377-4D7F-B7D6-016B0A8CAC07}
		{16A682B9-9A08-42FC-A2CD-E3DCFD04AA5C} = {B1552C81-E377-4D7F-B7D6-016B0A8CAC07}
		{C465627C-9EBF-4ED2-B96C-6A07D86190C4} = {B1552C81-E377-4D7F-B7D6-016B0A8CAC07}
		{E4ED8C58-B074-45E1-8D9C-EEA756ED9713} = {B1552C81-E377-4D7F-B7D6-016B0A8CAC07}
		{3FE51A96-8460-4543-8FAA-EE72AC25986A} = {B1552C81-E377-4D7F-B7D6-016B0A8CAC07}
		{7FD62676-4095-41C3-A478-9F43F676575B} = {B1552C81-E377-4D7F-B7D6-016B0A8CAC07}
		{85DBC473-D0A5-46F1-8FC6-79CE4F1E2D4C} = {B1552C81-E377-4D7F-B7D6-016B0A8CAC07}
		{33317518-55E1-4A72-8684-8CDF96CE94E1} = {B1552C81-E377-4D7F-B7D6-016B0A8CAC07}
		{6489EE67-F15D-4EE2-9F3C-9BDFA6D5D232} = {B1552C81-E377-4D7F-B7D6-016B0A8CAC07}
		{DF4E4CBF-D1B5-4453-BDC8-99C21D48D679} = {B1552C81-E377-4D7F-B7D6-016B0A8CAC07}
		{2AA83D58-98A9-45FD-BA52-121F7DF6FF9F} = {B1552C81-E377-4D7F-B7D6-016B0A8CAC07}
		{F7D93125-2493-44F5-A062-1CCBD5E9B9F4} = {B1552C81-E377-4D7F-B7D6-016B0A8CAC07}
		{EC0F3356-40D2-4FDD-B97A-1A82BB21AEA1} = {B1552C81-E377-4D7F-B7D6-016B0A8CAC07}
		{D7B8A47D-B26B-4698-B515-850E245256E2} = {B1552C81-E377-4D7F-B7D6-016B0A8CAC07}
		{BF80A1ED-C844-459A-BD93-6FA37366F325} = {B1552C81-E377-4D7F-B7D6-016B0A8CAC07}
		{16346C28-3C90-4711-8414-7C312AC69541} = {B1552C81-E377-4D7F-B7D6-016B0A8CAC07}
		{448A8123-158C-4552-B50E-6C80E452AE72} = {B1552C81-E377-4D7F-B7D6-016B0A8CAC07}
	EndGlobalSection
	GlobalSection(SolutionConfigurationPlatforms) = preSolution
		Debug|Any CPU = Debug|Any CPU
		Release|Any CPU = Release|Any CPU
	EndGlobalSection
	GlobalSection(ProjectConfigurationPlatforms) = postSolution
		{7FF3B7AD-9BC8-42FA-8658-869085698EE2}.Debug|Any CPU.ActiveCfg = Debug|Any CPU
		{7FF3B7AD-9BC8-42FA-8658-869085698EE2}.Debug|Any CPU.Build.0 = Debug|Any CPU
		{7FF3B7AD-9BC8-42FA-8658-869085698EE2}.Release|Any CPU.ActiveCfg = Release|Any CPU
		{7FF3B7AD-9BC8-42FA-8658-869085698EE2}.Release|Any CPU.Build.0 = Release|Any CPU
		{66C595AD-5DF7-4D5D-B2B2-1EEE48FE5984}.Debug|Any CPU.ActiveCfg = Debug|Any CPU
		{66C595AD-5DF7-4D5D-B2B2-1EEE48FE5984}.Debug|Any CPU.Build.0 = Debug|Any CPU
		{66C595AD-5DF7-4D5D-B2B2-1EEE48FE5984}.Release|Any CPU.ActiveCfg = Release|Any CPU
		{66C595AD-5DF7-4D5D-B2B2-1EEE48FE5984}.Release|Any CPU.Build.0 = Release|Any CPU
		{03E8FAEC-EDF3-4411-AA08-1F2CA98D467A}.Debug|Any CPU.ActiveCfg = Debug|Any CPU
		{03E8FAEC-EDF3-4411-AA08-1F2CA98D467A}.Debug|Any CPU.Build.0 = Debug|Any CPU
		{03E8FAEC-EDF3-4411-AA08-1F2CA98D467A}.Release|Any CPU.ActiveCfg = Release|Any CPU
		{03E8FAEC-EDF3-4411-AA08-1F2CA98D467A}.Release|Any CPU.Build.0 = Release|Any CPU
		{632D63D9-1BFD-4163-AAAC-75ADD98A8E21}.Debug|Any CPU.ActiveCfg = Debug|Any CPU
		{632D63D9-1BFD-4163-AAAC-75ADD98A8E21}.Debug|Any CPU.Build.0 = Debug|Any CPU
		{632D63D9-1BFD-4163-AAAC-75ADD98A8E21}.Release|Any CPU.ActiveCfg = Release|Any CPU
		{632D63D9-1BFD-4163-AAAC-75ADD98A8E21}.Release|Any CPU.Build.0 = Release|Any CPU
		{BEB10504-25BF-4808-879A-4E1C132EBCA6}.Debug|Any CPU.ActiveCfg = Debug|Any CPU
		{BEB10504-25BF-4808-879A-4E1C132EBCA6}.Debug|Any CPU.Build.0 = Debug|Any CPU
		{BEB10504-25BF-4808-879A-4E1C132EBCA6}.Release|Any CPU.ActiveCfg = Release|Any CPU
		{BEB10504-25BF-4808-879A-4E1C132EBCA6}.Release|Any CPU.Build.0 = Release|Any CPU
		{EBBB28D8-82DE-45C8-A56C-091CC0EF8DD7}.Debug|Any CPU.ActiveCfg = Debug|Any CPU
		{EBBB28D8-82DE-45C8-A56C-091CC0EF8DD7}.Debug|Any CPU.Build.0 = Debug|Any CPU
		{EBBB28D8-82DE-45C8-A56C-091CC0EF8DD7}.Release|Any CPU.ActiveCfg = Release|Any CPU
		{EBBB28D8-82DE-45C8-A56C-091CC0EF8DD7}.Release|Any CPU.Build.0 = Release|Any CPU
		{9E9190F6-B7F4-4993-A43B-1AE8EEBE1750}.Debug|Any CPU.ActiveCfg = Debug|Any CPU
		{9E9190F6-B7F4-4993-A43B-1AE8EEBE1750}.Debug|Any CPU.Build.0 = Debug|Any CPU
		{9E9190F6-B7F4-4993-A43B-1AE8EEBE1750}.Release|Any CPU.ActiveCfg = Release|Any CPU
		{9E9190F6-B7F4-4993-A43B-1AE8EEBE1750}.Release|Any CPU.Build.0 = Release|Any CPU
		{7A4B7DA8-AE2C-4DC9-A547-AEB1D626A1BC}.Debug|Any CPU.ActiveCfg = Debug|Any CPU
		{7A4B7DA8-AE2C-4DC9-A547-AEB1D626A1BC}.Debug|Any CPU.Build.0 = Debug|Any CPU
		{7A4B7DA8-AE2C-4DC9-A547-AEB1D626A1BC}.Release|Any CPU.ActiveCfg = Release|Any CPU
		{7A4B7DA8-AE2C-4DC9-A547-AEB1D626A1BC}.Release|Any CPU.Build.0 = Release|Any CPU
		{D16D4318-DEAD-4BEC-B52D-08B9196D872A}.Debug|Any CPU.ActiveCfg = Debug|Any CPU
		{D16D4318-DEAD-4BEC-B52D-08B9196D872A}.Debug|Any CPU.Build.0 = Debug|Any CPU
		{D16D4318-DEAD-4BEC-B52D-08B9196D872A}.Release|Any CPU.ActiveCfg = Release|Any CPU
		{D16D4318-DEAD-4BEC-B52D-08B9196D872A}.Release|Any CPU.Build.0 = Release|Any CPU
		{A1A3E5BC-49B7-4E40-A3D5-5BDD5E2AE899}.Debug|Any CPU.ActiveCfg = Debug|Any CPU
		{A1A3E5BC-49B7-4E40-A3D5-5BDD5E2AE899}.Debug|Any CPU.Build.0 = Debug|Any CPU
		{A1A3E5BC-49B7-4E40-A3D5-5BDD5E2AE899}.Release|Any CPU.ActiveCfg = Release|Any CPU
		{A1A3E5BC-49B7-4E40-A3D5-5BDD5E2AE899}.Release|Any CPU.Build.0 = Release|Any CPU
		{DB78AAB6-EEF3-46D1-8950-E83194BC6759}.Debug|Any CPU.ActiveCfg = Debug|Any CPU
		{DB78AAB6-EEF3-46D1-8950-E83194BC6759}.Debug|Any CPU.Build.0 = Debug|Any CPU
		{DB78AAB6-EEF3-46D1-8950-E83194BC6759}.Release|Any CPU.ActiveCfg = Release|Any CPU
		{DB78AAB6-EEF3-46D1-8950-E83194BC6759}.Release|Any CPU.Build.0 = Release|Any CPU
		{F957C1BD-04E0-42C0-99CE-80C55F2580D2}.Debug|Any CPU.ActiveCfg = Debug|Any CPU
		{F957C1BD-04E0-42C0-99CE-80C55F2580D2}.Debug|Any CPU.Build.0 = Debug|Any CPU
		{F957C1BD-04E0-42C0-99CE-80C55F2580D2}.Release|Any CPU.ActiveCfg = Release|Any CPU
		{F957C1BD-04E0-42C0-99CE-80C55F2580D2}.Release|Any CPU.Build.0 = Release|Any CPU
		{A8F4543F-EC11-41CE-B646-1D0994644E45}.Debug|Any CPU.ActiveCfg = Debug|Any CPU
		{A8F4543F-EC11-41CE-B646-1D0994644E45}.Debug|Any CPU.Build.0 = Debug|Any CPU
		{A8F4543F-EC11-41CE-B646-1D0994644E45}.Release|Any CPU.ActiveCfg = Release|Any CPU
		{A8F4543F-EC11-41CE-B646-1D0994644E45}.Release|Any CPU.Build.0 = Release|Any CPU
		{DC176ACF-D9A5-4CE6-B492-BABFB5257798}.Debug|Any CPU.ActiveCfg = Debug|Any CPU
		{DC176ACF-D9A5-4CE6-B492-BABFB5257798}.Debug|Any CPU.Build.0 = Debug|Any CPU
		{DC176ACF-D9A5-4CE6-B492-BABFB5257798}.Release|Any CPU.ActiveCfg = Release|Any CPU
		{DC176ACF-D9A5-4CE6-B492-BABFB5257798}.Release|Any CPU.Build.0 = Release|Any CPU
		{E1DA1A1B-21E1-4F90-9624-2F3081A0F1C8}.Debug|Any CPU.ActiveCfg = Debug|Any CPU
		{E1DA1A1B-21E1-4F90-9624-2F3081A0F1C8}.Debug|Any CPU.Build.0 = Debug|Any CPU
		{E1DA1A1B-21E1-4F90-9624-2F3081A0F1C8}.Release|Any CPU.ActiveCfg = Release|Any CPU
		{E1DA1A1B-21E1-4F90-9624-2F3081A0F1C8}.Release|Any CPU.Build.0 = Release|Any CPU
		{D2AB345B-8C28-4118-B330-40866DEFB100}.Debug|Any CPU.ActiveCfg = Debug|Any CPU
		{D2AB345B-8C28-4118-B330-40866DEFB100}.Debug|Any CPU.Build.0 = Debug|Any CPU
		{D2AB345B-8C28-4118-B330-40866DEFB100}.Release|Any CPU.ActiveCfg = Release|Any CPU
		{D2AB345B-8C28-4118-B330-40866DEFB100}.Release|Any CPU.Build.0 = Release|Any CPU
		{8E84A232-14AE-4800-9AA0-2DF3BFABE444}.Debug|Any CPU.ActiveCfg = Debug|Any CPU
		{8E84A232-14AE-4800-9AA0-2DF3BFABE444}.Debug|Any CPU.Build.0 = Debug|Any CPU
		{8E84A232-14AE-4800-9AA0-2DF3BFABE444}.Release|Any CPU.ActiveCfg = Release|Any CPU
		{8E84A232-14AE-4800-9AA0-2DF3BFABE444}.Release|Any CPU.Build.0 = Release|Any CPU
		{CD6E7F7D-E1E5-41F7-AD75-31BB30B8BA49}.Debug|Any CPU.ActiveCfg = Debug|Any CPU
		{CD6E7F7D-E1E5-41F7-AD75-31BB30B8BA49}.Debug|Any CPU.Build.0 = Debug|Any CPU
		{CD6E7F7D-E1E5-41F7-AD75-31BB30B8BA49}.Release|Any CPU.ActiveCfg = Release|Any CPU
		{CD6E7F7D-E1E5-41F7-AD75-31BB30B8BA49}.Release|Any CPU.Build.0 = Release|Any CPU
		{16A682B9-9A08-42FC-A2CD-E3DCFD04AA5C}.Debug|Any CPU.ActiveCfg = Debug|Any CPU
		{16A682B9-9A08-42FC-A2CD-E3DCFD04AA5C}.Debug|Any CPU.Build.0 = Debug|Any CPU
		{16A682B9-9A08-42FC-A2CD-E3DCFD04AA5C}.Release|Any CPU.ActiveCfg = Release|Any CPU
		{16A682B9-9A08-42FC-A2CD-E3DCFD04AA5C}.Release|Any CPU.Build.0 = Release|Any CPU
		{C465627C-9EBF-4ED2-B96C-6A07D86190C4}.Debug|Any CPU.ActiveCfg = Debug|Any CPU
		{C465627C-9EBF-4ED2-B96C-6A07D86190C4}.Debug|Any CPU.Build.0 = Debug|Any CPU
		{C465627C-9EBF-4ED2-B96C-6A07D86190C4}.Release|Any CPU.ActiveCfg = Release|Any CPU
		{C465627C-9EBF-4ED2-B96C-6A07D86190C4}.Release|Any CPU.Build.0 = Release|Any CPU
		{E4ED8C58-B074-45E1-8D9C-EEA756ED9713}.Debug|Any CPU.ActiveCfg = Debug|Any CPU
		{E4ED8C58-B074-45E1-8D9C-EEA756ED9713}.Debug|Any CPU.Build.0 = Debug|Any CPU
		{E4ED8C58-B074-45E1-8D9C-EEA756ED9713}.Release|Any CPU.ActiveCfg = Release|Any CPU
		{E4ED8C58-B074-45E1-8D9C-EEA756ED9713}.Release|Any CPU.Build.0 = Release|Any CPU
		{3FE51A96-8460-4543-8FAA-EE72AC25986A}.Debug|Any CPU.ActiveCfg = Debug|Any CPU
		{3FE51A96-8460-4543-8FAA-EE72AC25986A}.Debug|Any CPU.Build.0 = Debug|Any CPU
		{3FE51A96-8460-4543-8FAA-EE72AC25986A}.Release|Any CPU.ActiveCfg = Release|Any CPU
		{3FE51A96-8460-4543-8FAA-EE72AC25986A}.Release|Any CPU.Build.0 = Release|Any CPU
		{7FD62676-4095-41C3-A478-9F43F676575B}.Debug|Any CPU.ActiveCfg = Debug|Any CPU
		{7FD62676-4095-41C3-A478-9F43F676575B}.Debug|Any CPU.Build.0 = Debug|Any CPU
		{7FD62676-4095-41C3-A478-9F43F676575B}.Release|Any CPU.ActiveCfg = Release|Any CPU
		{7FD62676-4095-41C3-A478-9F43F676575B}.Release|Any CPU.Build.0 = Release|Any CPU
		{85DBC473-D0A5-46F1-8FC6-79CE4F1E2D4C}.Debug|Any CPU.ActiveCfg = Debug|Any CPU
		{85DBC473-D0A5-46F1-8FC6-79CE4F1E2D4C}.Debug|Any CPU.Build.0 = Debug|Any CPU
		{85DBC473-D0A5-46F1-8FC6-79CE4F1E2D4C}.Release|Any CPU.ActiveCfg = Release|Any CPU
		{85DBC473-D0A5-46F1-8FC6-79CE4F1E2D4C}.Release|Any CPU.Build.0 = Release|Any CPU
		{33317518-55E1-4A72-8684-8CDF96CE94E1}.Debug|Any CPU.ActiveCfg = Debug|Any CPU
		{33317518-55E1-4A72-8684-8CDF96CE94E1}.Debug|Any CPU.Build.0 = Debug|Any CPU
		{33317518-55E1-4A72-8684-8CDF96CE94E1}.Release|Any CPU.ActiveCfg = Release|Any CPU
		{33317518-55E1-4A72-8684-8CDF96CE94E1}.Release|Any CPU.Build.0 = Release|Any CPU
		{6489EE67-F15D-4EE2-9F3C-9BDFA6D5D232}.Debug|Any CPU.ActiveCfg = Debug|Any CPU
		{6489EE67-F15D-4EE2-9F3C-9BDFA6D5D232}.Debug|Any CPU.Build.0 = Debug|Any CPU
		{6489EE67-F15D-4EE2-9F3C-9BDFA6D5D232}.Release|Any CPU.ActiveCfg = Release|Any CPU
		{6489EE67-F15D-4EE2-9F3C-9BDFA6D5D232}.Release|Any CPU.Build.0 = Release|Any CPU
		{DF4E4CBF-D1B5-4453-BDC8-99C21D48D679}.Debug|Any CPU.ActiveCfg = Debug|Any CPU
		{DF4E4CBF-D1B5-4453-BDC8-99C21D48D679}.Debug|Any CPU.Build.0 = Debug|Any CPU
		{DF4E4CBF-D1B5-4453-BDC8-99C21D48D679}.Release|Any CPU.ActiveCfg = Release|Any CPU
		{DF4E4CBF-D1B5-4453-BDC8-99C21D48D679}.Release|Any CPU.Build.0 = Release|Any CPU
		{2AA83D58-98A9-45FD-BA52-121F7DF6FF9F}.Debug|Any CPU.ActiveCfg = Debug|Any CPU
		{2AA83D58-98A9-45FD-BA52-121F7DF6FF9F}.Debug|Any CPU.Build.0 = Debug|Any CPU
		{2AA83D58-98A9-45FD-BA52-121F7DF6FF9F}.Release|Any CPU.ActiveCfg = Release|Any CPU
		{2AA83D58-98A9-45FD-BA52-121F7DF6FF9F}.Release|Any CPU.Build.0 = Release|Any CPU
		{F7D93125-2493-44F5-A062-1CCBD5E9B9F4}.Debug|Any CPU.ActiveCfg = Debug|Any CPU
		{F7D93125-2493-44F5-A062-1CCBD5E9B9F4}.Debug|Any CPU.Build.0 = Debug|Any CPU
		{F7D93125-2493-44F5-A062-1CCBD5E9B9F4}.Release|Any CPU.ActiveCfg = Release|Any CPU
		{F7D93125-2493-44F5-A062-1CCBD5E9B9F4}.Release|Any CPU.Build.0 = Release|Any CPU
		{EC0F3356-40D2-4FDD-B97A-1A82BB21AEA1}.Debug|Any CPU.ActiveCfg = Debug|Any CPU
		{EC0F3356-40D2-4FDD-B97A-1A82BB21AEA1}.Debug|Any CPU.Build.0 = Debug|Any CPU
		{EC0F3356-40D2-4FDD-B97A-1A82BB21AEA1}.Release|Any CPU.ActiveCfg = Release|Any CPU
		{EC0F3356-40D2-4FDD-B97A-1A82BB21AEA1}.Release|Any CPU.Build.0 = Release|Any CPU
		{D7B8A47D-B26B-4698-B515-850E245256E2}.Debug|Any CPU.ActiveCfg = Debug|Any CPU
		{D7B8A47D-B26B-4698-B515-850E245256E2}.Debug|Any CPU.Build.0 = Debug|Any CPU
		{D7B8A47D-B26B-4698-B515-850E245256E2}.Release|Any CPU.ActiveCfg = Release|Any CPU
		{D7B8A47D-B26B-4698-B515-850E245256E2}.Release|Any CPU.Build.0 = Release|Any CPU
		{BF80A1ED-C844-459A-BD93-6FA37366F325}.Debug|Any CPU.ActiveCfg = Debug|Any CPU
		{BF80A1ED-C844-459A-BD93-6FA37366F325}.Debug|Any CPU.Build.0 = Debug|Any CPU
		{BF80A1ED-C844-459A-BD93-6FA37366F325}.Release|Any CPU.ActiveCfg = Release|Any CPU
		{BF80A1ED-C844-459A-BD93-6FA37366F325}.Release|Any CPU.Build.0 = Release|Any CPU
		{16346C28-3C90-4711-8414-7C312AC69541}.Debug|Any CPU.ActiveCfg = Debug|Any CPU
		{16346C28-3C90-4711-8414-7C312AC69541}.Debug|Any CPU.Build.0 = Debug|Any CPU
		{16346C28-3C90-4711-8414-7C312AC69541}.Release|Any CPU.ActiveCfg = Release|Any CPU
		{16346C28-3C90-4711-8414-7C312AC69541}.Release|Any CPU.Build.0 = Release|Any CPU
		{448A8123-158C-4552-B50E-6C80E452AE72}.Debug|Any CPU.ActiveCfg = Debug|Any CPU
		{448A8123-158C-4552-B50E-6C80E452AE72}.Debug|Any CPU.Build.0 = Debug|Any CPU
		{448A8123-158C-4552-B50E-6C80E452AE72}.Release|Any CPU.ActiveCfg = Release|Any CPU
		{448A8123-158C-4552-B50E-6C80E452AE72}.Release|Any CPU.Build.0 = Release|Any CPU
		{5087DCD9-2C0A-45AD-A6C0-FCB6EF6728C6}.Debug|Any CPU.ActiveCfg = Debug|Any CPU
		{5087DCD9-2C0A-45AD-A6C0-FCB6EF6728C6}.Debug|Any CPU.Build.0 = Debug|Any CPU
		{5087DCD9-2C0A-45AD-A6C0-FCB6EF6728C6}.Release|Any CPU.ActiveCfg = Release|Any CPU
		{5087DCD9-2C0A-45AD-A6C0-FCB6EF6728C6}.Release|Any CPU.Build.0 = Release|Any CPU
		{3BE52DC1-DD27-461C-B93F-30C9F195D9E9}.Debug|Any CPU.ActiveCfg = Debug|Any CPU
		{3BE52DC1-DD27-461C-B93F-30C9F195D9E9}.Debug|Any CPU.Build.0 = Debug|Any CPU
		{3BE52DC1-DD27-461C-B93F-30C9F195D9E9}.Release|Any CPU.ActiveCfg = Release|Any CPU
		{3BE52DC1-DD27-461C-B93F-30C9F195D9E9}.Release|Any CPU.Build.0 = Release|Any CPU
		{A31A64EE-46D6-4DB2-AD91-3CFEE983D9D8}.Debug|Any CPU.ActiveCfg = Debug|Any CPU
		{A31A64EE-46D6-4DB2-AD91-3CFEE983D9D8}.Debug|Any CPU.Build.0 = Debug|Any CPU
		{A31A64EE-46D6-4DB2-AD91-3CFEE983D9D8}.Release|Any CPU.ActiveCfg = Release|Any CPU
		{A31A64EE-46D6-4DB2-AD91-3CFEE983D9D8}.Release|Any CPU.Build.0 = Release|Any CPU
		{7ED0D12E-6E9E-44CE-BFFF-73AA4A8935F8}.Debug|Any CPU.ActiveCfg = Debug|Any CPU
		{7ED0D12E-6E9E-44CE-BFFF-73AA4A8935F8}.Debug|Any CPU.Build.0 = Debug|Any CPU
		{7ED0D12E-6E9E-44CE-BFFF-73AA4A8935F8}.Release|Any CPU.ActiveCfg = Release|Any CPU
		{7ED0D12E-6E9E-44CE-BFFF-73AA4A8935F8}.Release|Any CPU.Build.0 = Release|Any CPU
	EndGlobalSection
	GlobalSection(SolutionProperties) = preSolution
		HideSolutionNode = FALSE
	EndGlobalSection
	GlobalSection(ExtensibilityGlobals) = postSolution
		SolutionGuid = {7D482AB0-3053-4349-848C-5C9BDA184F44}
	EndGlobalSection
EndGlobal
